
Microsoft Visual Studio Solution File, Format Version 12.00
# Visual Studio 15
VisualStudioVersion = 15.0.28307.572
MinimumVisualStudioVersion = 10.0.40219.1
Project("{FAE04EC0-301F-11D3-BF4B-00C04F79EFBC}") = "SocketServer_", "SocketServer_\SocketServer_.csproj", "{B3628892-AE29-450E-AD22-C817158613C2}"
EndProject
Project("{FAE04EC0-301F-11D3-BF4B-00C04F79EFBC}") = "SocketClient_", "SocketClient_\SocketClient_.csproj", "{83B9B4CF-0518-4408-8A58-EF0C1BBA055C}"
EndProject
Global
	GlobalSection(SolutionConfigurationPlatforms) = preSolution
		Debug|Any CPU = Debug|Any CPU
		Release|Any CPU = Release|Any CPU
	EndGlobalSection
	GlobalSection(ProjectConfigurationPlatforms) = postSolution
		{B3628892-AE29-450E-AD22-C817158613C2}.Debug|Any CPU.ActiveCfg = Debug|Any CPU
		{B3628892-AE29-450E-AD22-C817158613C2}.Debug|Any CPU.Build.0 = Debug|Any CPU
		{B3628892-AE29-450E-AD22-C817158613C2}.Release|Any CPU.ActiveCfg = Release|Any CPU
		{B3628892-AE29-450E-AD22-C817158613C2}.Release|Any CPU.Build.0 = Release|Any CPU
		{83B9B4CF-0518-4408-8A58-EF0C1BBA055C}.Debug|Any CPU.ActiveCfg = Debug|Any CPU
		{83B9B4CF-0518-4408-8A58-EF0C1BBA055C}.Debug|Any CPU.Build.0 = Debug|Any CPU
		{83B9B4CF-0518-4408-8A58-EF0C1BBA055C}.Release|Any CPU.ActiveCfg = Release|Any CPU
		{83B9B4CF-0518-4408-8A58-EF0C1BBA055C}.Release|Any CPU.Build.0 = Release|Any CPU
	EndGlobalSection
	GlobalSection(SolutionProperties) = preSolution
		HideSolutionNode = FALSE
	EndGlobalSection
	GlobalSection(ExtensibilityGlobals) = postSolution
		SolutionGuid = {DB67C2E9-7296-4F9E-AEF5-0C599227B3F4}
	EndGlobalSection
EndGlobal
